version = 1
revision = 3
requires-python = "==3.12.*"

[[package]]
name = "annotated-doc"
version = "0.0.4"
source = { registry = "https://pypi.org/simple" }
sdist = { url = "https://files.pythonhosted.org/packages/57/ba/046ceea27344560984e26a590f90bc7f4a75b06701f653222458922b558c/annotated_doc-0.0.4.tar.gz", hash = "sha256:fbcda96e87e9c92ad167c2e53839e57503ecfda18804ea28102353485033faa4", size = 7288, upload-time = "2025-11-10T22:07:42.062Z" }
wheels = [
    { url = "https://files.pythonhosted.org/packages/1e/d3/26bf1008eb3d2daa8ef4cacc7f3bfdc11818d111f7e2d0201bc6e3b49d45/annotated_doc-0.0.4-py3-none-any.whl", hash = "sha256:571ac1dc6991c450b25a9c2d84a3705e2ae7a53467b5d111c24fa8baabbed320", size = 5303, upload-time = "2025-11-10T22:07:40.673Z" },
]

[[package]]
name = "build"
version = "1.5.0"
source = { registry = "https://pypi.org/simple" }
dependencies = [
    { name = "colorama", marker = "os_name == 'nt'" },
    { name = "packaging" },
    { name = "pyproject-hooks" },
]
sdist = { url = "https://files.pythonhosted.org/packages/78/e0/df5e171f685f82f37b12e1f208064e24244911079d7b767447d1af7e0d70/build-1.5.0.tar.gz", hash = "sha256:302c22c3ba2a0fd5f3911918651341ebb3896176cbdec15bd421f80b1afc7647", size = 89796, upload-time = "2026-04-30T03:18:25.17Z" }
wheels = [
    { url = "https://files.pythonhosted.org/packages/0d/fe/6bea5c9162869c5beba5d9c8abbed835ec85bf1ec1fba05a3822325c45f3/build-1.5.0-py3-none-any.whl", hash = "sha256:13f3eecb844759ab66efec90ca17639bbf14dc06cb2fdf37a9010322d9c50a6f", size = 26018, upload-time = "2026-04-30T03:18:23.644Z" },
]

[[package]]
name = "colorama"
version = "0.4.6"
source = { registry = "https://pypi.org/simple" }
sdist = { url = "https://files.pythonhosted.org/packages/d8/53/6f443c9a4a8358a93a6792e2acffb9d9d5cb0a5cfd8802644b7b1c9a02e4/colorama-0.4.6.tar.gz", hash = "sha256:08695f5cb7ed6e0531a20572697297273c47b8cae5a63ffc6d6ed5c201be6e44", size = 27697, upload-time = "2022-10-25T02:36:22.414Z" }
wheels = [
    { url = "https://files.pythonhosted.org/packages/d1/d6/3965ed04c63042e047cb6a3e6ed1a63a35087b6a609aa3a15ed8ac56c221/colorama-0.4.6-py2.py3-none-any.whl", hash = "sha256:4f1d9991f5acc0ca119f9d443620b77f9d6b33703e51011c16baf57afb285fc6", size = 25335, upload-time = "2022-10-25T02:36:20.889Z" },
]

[[package]]
name = "markdown-it-py"
version = "4.2.0"
source = { registry = "https://pypi.org/simple" }
dependencies = [
    { name = "mdurl" },
]
sdist = { url = "https://files.pythonhosted.org/packages/06/ff/7841249c247aa650a76b9ee4bbaeae59370dc8bfd2f6c01f3630c35eb134/markdown_it_py-4.2.0.tar.gz", hash = "sha256:04a21681d6fbb623de53f6f364d352309d4094dd4194040a10fd51833e418d49", size = 82454, upload-time = "2026-05-07T12:08:28.36Z" }
wheels = [
    { url = "https://files.pythonhosted.org/packages/b3/81/4da04ced5a082363ecfa159c010d200ecbd959ae410c10c0264a38cac0f5/markdown_it_py-4.2.0-py3-none-any.whl", hash = "sha256:9f7ebbcd14fe59494226453aed97c1070d83f8d24b6fc3a3bcf9a38092641c4a", size = 91687, upload-time = "2026-05-07T12:08:27.182Z" },
]

[[package]]
name = "mdurl"
version = "0.1.2"
source = { registry = "https://pypi.org/simple" }
sdist = { url = "https://files.pythonhosted.org/packages/d6/54/cfe61301667036ec958cb99bd3efefba235e65cdeb9c84d24a8293ba1d90/mdurl-0.1.2.tar.gz", hash = "sha256:bb413d29f5eea38f31dd4754dd7377d4465116fb207585f97bf925588687c1ba", size = 8729, upload-time = "2022-08-14T12:40:10.846Z" }
wheels = [
    { url = "https://files.pythonhosted.org/packages/b3/38/89ba8ad64ae25be8de66a6d463314cf1eb366222074cfda9ee839c56a4b4/mdurl-0.1.2-py3-none-any.whl", hash = "sha256:84008a41e51615a49fc9966191ff91509e3c40b939176e643fd50a5c2196b8f8", size = 9979, upload-time = "2022-08-14T12:40:09.779Z" },
]

[[package]]
name = "mend"
version = "0.1.0"
source = { editable = "." }
dependencies = [
    { name = "vapoursynth" },
    { name = "vsrepo" },
]

[package.metadata]
requires-dist = [
    { name = "vapoursynth", specifier = "==78" },
    { name = "vsrepo", specifier = "==2.0.0" },
]

[[package]]
name = "packaging"
version = "26.2"
source = { registry = "https://pypi.org/simple" }
sdist = { url = "https://files.pythonhosted.org/packages/d7/f1/e7a6dd94a8d4a5626c03e4e99c87f241ba9e350cd9e6d75123f992427270/packaging-26.2.tar.gz", hash = "sha256:ff452ff5a3e828ce110190feff1178bb1f2ea2281fa2075aadb987c2fb221661", size = 228134, upload-time = "2026-04-24T20:15:23.917Z" }
wheels = [
    { url = "https://files.pythonhosted.org/packages/df/b2/87e62e8c3e2f4b32e5fe99e0b86d576da1312593b39f47d8ceef365e95ed/packaging-26.2-py3-none-any.whl", hash = "sha256:5fc45236b9446107ff2415ce77c807cee2862cb6fac22b8a73826d0693b0980e", size = 100195, upload-time = "2026-04-24T20:15:22.081Z" },
]

[[package]]
name = "pygments"
version = "2.20.0"
source = { registry = "https://pypi.org/simple" }
sdist = { url = "https://files.pythonhosted.org/packages/c3/b2/bc9c9196916376152d655522fdcebac55e66de6603a76a02bca1b6414f6c/pygments-2.20.0.tar.gz", hash = "sha256:6757cd03768053ff99f3039c1a36d6c0aa0b263438fcab17520b30a303a82b5f", size = 4955991, upload-time = "2026-03-29T13:29:33.898Z" }
wheels = [
    { url = "https://files.pythonhosted.org/packages/f4/7e/a72dd26f3b0f4f2bf1dd8923c85f7ceb43172af56d63c7383eb62b332364/pygments-2.20.0-py3-none-any.whl", hash = "sha256:81a9e26dd42fd28a23a2d169d86d7ac03b46e2f8b59ed4698fb4785f946d0176", size = 1231151, upload-time = "2026-03-29T13:29:30.038Z" },
]

[[package]]
name = "pyproject-hooks"
version = "1.2.0"
source = { registry = "https://pypi.org/simple" }
sdist = { url = "https://files.pythonhosted.org/packages/e7/82/28175b2414effca1cdac8dc99f76d660e7a4fb0ceefa4b4ab8f5f6742925/pyproject_hooks-1.2.0.tar.gz", hash = "sha256:1e859bd5c40fae9448642dd871adf459e5e2084186e8d2c2a79a824c970da1f8", size = 19228, upload-time = "2024-09-29T09:24:13.293Z" }
wheels = [
    { url = "https://files.pythonhosted.org/packages/bd/24/12818598c362d7f300f18e74db45963dbcb85150324092410c8b49405e42/pyproject_hooks-1.2.0-py3-none-any.whl", hash = "sha256:9e5c6bfa8dcc30091c74b0cf803c81fdd29d94f01992a7707bc97babb1141913", size = 10216, upload-time = "2024-09-29T09:24:11.978Z" },
]

[[package]]
name = "rich"
version = "15.0.0"
source = { registry = "https://pypi.org/simple" }
dependencies = [
    { name = "markdown-it-py" },
    { name = "pygments" },
]
sdist = { url = "https://files.pythonhosted.org/packages/c0/8f/0722ca900cc807c13a6a0c696dacf35430f72e0ec571c4275d2371fca3e9/rich-15.0.0.tar.gz", hash = "sha256:edd07a4824c6b40189fb7ac9bc4c52536e9780fbbfbddf6f1e2502c31b068c36", size = 230680, upload-time = "2026-04-12T08:24:00.75Z" }
wheels = [
    { url = "https://files.pythonhosted.org/packages/82/3b/64d4899d73f91ba49a8c18a8ff3f0ea8f1c1d75481760df8c68ef5235bf5/rich-15.0.0-py3-none-any.whl", hash = "sha256:33bd4ef74232fb73fe9279a257718407f169c09b78a87ad3d296f548e27de0bb", size = 310654, upload-time = "2026-04-12T08:24:02.83Z" },
]

[[package]]
name = "shellingham"
version = "1.5.4"
source = { registry = "https://pypi.org/simple" }
sdist = { url = "https://files.pythonhosted.org/packages/58/15/8b3609fd3830ef7b27b655beb4b4e9c62313a4e8da8c676e142cc210d58e/shellingham-1.5.4.tar.gz", hash = "sha256:8dbca0739d487e5bd35ab3ca4b36e11c4078f3a234bfce294b0a0291363404de", size = 10310, upload-time = "2023-10-24T04:13:40.426Z" }
wheels = [
    { url = "https://files.pythonhosted.org/packages/e0/f9/0595336914c5619e5f28a1fb793285925a8cd4b432c9da0a987836c7f822/shellingham-1.5.4-py2.py3-none-any.whl", hash = "sha256:7ecfff8f2fd72616f7481040475a65b2bf8af90a56c89140852d1120324e8686", size = 9755, upload-time = "2023-10-24T04:13:38.866Z" },
]

[[package]]
name = "tqdm"
version = "4.69.1"
source = { registry = "https://pypi.org/simple" }
dependencies = [
    { name = "colorama", marker = "sys_platform == 'win32'" },
]
sdist = { url = "https://files.pythonhosted.org/packages/dd/84/da0e5038228fa34dfd77c5026b173ed035d2a3ba31f1077590c013de2bff/tqdm-4.69.1.tar.gz", hash = "sha256:2be21080a0ce17e902c2f1baeb6a74bf551b67bbdfa4bc0109fad471d0b4cb0d", size = 793046, upload-time = "2026-07-24T14:22:02.08Z" }
wheels = [
    { url = "https://files.pythonhosted.org/packages/01/50/5817619a0fca56aff06383dbfde7ae017b3ca383915b3f1e4713164273cf/tqdm-4.69.1-py3-none-any.whl", hash = "sha256:0a654b96f7a2660cceb615b56f307ec2bef96c515409014a429a561981ab52b4", size = 675452, upload-time = "2026-07-24T14:22:00.048Z" },
]

[[package]]
name = "typer"
version = "0.27.0"
source = { registry = "https://pypi.org/simple" }
dependencies = [
    { name = "annotated-doc" },
    { name = "colorama", marker = "sys_platform == 'win32'" },
    { name = "rich" },
    { name = "shellingham" },
]
sdist = { url = "https://files.pythonhosted.org/packages/37/78/fda3361b56efc27944f24225f6ecd13d96d6fcfe37bd0eb34e2f4c63f9fc/typer-0.27.0.tar.gz", hash = "sha256:629bd12ea5d13a17148125d9a264f949eb171fb3f120f9b04d85873cab054fa5", size = 203430, upload-time = "2026-07-15T19:21:07.007Z" }
wheels = [
    { url = "https://files.pythonhosted.org/packages/40/03/26a383c9e58c213199d1aad1c3d353cfc22d4444ec6d2c0bf8ad02523843/typer-0.27.0-py3-none-any.whl", hash = "sha256:6f4b27631e47f077871b7dc30e933ec0131c1390fbe0e387ea5574b5bac9ccf1", size = 122716, upload-time = "2026-07-15T19:21:05.553Z" },
]

[[package]]
name = "typing-extensions"
version = "4.16.0"
source = { registry = "https://pypi.org/simple" }
sdist = { url = "https://files.pythonhosted.org/packages/f6/cc/6253133b5bb138fc3306cebfbda2c520f545d36b5be2c7255cc528bb45d6/typing_extensions-4.16.0.tar.gz", hash = "sha256:dc983d19a509c94dba722ee6abd33940f7c05a89e243c47e907eb4db6f1a43e5", size = 113555, upload-time = "2026-07-02T08:40:05.92Z" }
wheels = [
    { url = "https://files.pythonhosted.org/packages/49/d3/b8441a820a491ddfc024b0b0cf0393375b75ea13866d9c66727e54c2fc80/typing_extensions-4.16.0-py3-none-any.whl", hash = "sha256:481caa481374e813c1b176ada14e97f1f67a4539ce9cfeb3f350d78d6370c2e8", size = 45571, upload-time = "2026-07-02T08:40:04.659Z" },
]

[[package]]
name = "uv-build"
version = "0.11.32"
source = { registry = "https://pypi.org/simple" }
sdist = { url = "https://files.pythonhosted.org/packages/fc/ec/cfdffca7572cd62ba148da5de8a2b85e04fa9324393a58699ae80e769ef4/uv_build-0.11.32.tar.gz", hash = "sha256:906542262cf0e1f507d3e9bcf0a73afa9c9269daf261fbd5357a541b533b3c72", size = 413653, upload-time = "2026-07-23T23:05:25.867Z" }
wheels = [
    { url = "https://files.pythonhosted.org/packages/a3/27/eeb8f303a26367503a84af3210f40e777da32fdcc7b6a039b8e66b6a0822/uv_build-0.11.32-py3-none-linux_armv6l.whl", hash = "sha256:469456cbe06b2c7560efc2f7bc6ef2be6b6290fe8794d0ed1cfa946fd15bd066", size = 1540864, upload-time = "2026-07-23T23:05:01.964Z" },
    { url = "https://files.pythonhosted.org/packages/66/11/9a3a45a07cc94f776c0952d0b89491b2286c3772a71c18c03a0964e7b4d1/uv_build-0.11.32-py3-none-macosx_10_12_x86_64.whl", hash = "sha256:c0efc4021c6c49fff7e131ad162ca10e29f05764119ec6a124b05ac859ad6a42", size = 1474920, upload-time = "2026-07-23T23:05:03.804Z" },
    { url = "https://files.pythonhosted.org/packages/ae/29/bf2dfb46eb99814b55fdba0449fa7147f40911cdf44634f3e4a52d249019/uv_build-0.11.32-py3-none-macosx_11_0_arm64.whl", hash = "sha256:4326150b8166004ead75263950e952d6c4c60c534f2e2dba21799dcfbd5c4356", size = 1380810, upload-time = "2026-07-23T23:05:05.289Z" },
    { url = "https://files.pythonhosted.org/packages/b0/ac/7c9c765cd3cc67855e7283efc18cb4d1d444b832850955308d8e2f7a238e/uv_build-0.11.32-py3-none-manylinux_2_17_aarch64.manylinux2014_aarch64.musllinux_1_1_aarch64.whl", hash = "sha256:2386ee0b107ffc13fe14bd4b278aba22c091a0f0bc2f6adb03aacfc320dd1322", size = 1616301, upload-time = "2026-07-23T23:05:06.544Z" },
    { url = "https://files.pythonhosted.org/packages/d1/78/4dbbb920b85ce208074a7156f1e3e1eda41844e510d1cfc42074af633325/uv_build-0.11.32-py3-none-manylinux_2_17_armv7l.manylinux2014_armv7l.whl", hash = "sha256:b4183dff1244e01130eeab1be04b703362c5f839689f8112a096c8743b1acd74", size = 1500637, upload-time = "2026-07-23T23:05:07.937Z" },
    { url = "https://files.pythonhosted.org/packages/4b/5f/0dd190ac123f7f0e36f94772d8c9040fb085a00b67b4e25d758bd6507f94/uv_build-0.11.32-py3-none-manylinux_2_17_i686.manylinux2014_i686.whl", hash = "sha256:d808df4e06983ce343dc8e4d929a457094a1cbdfcc789e8391cd1e7f21eeab18", size = 1663050, upload-time = "2026-07-23T23:05:09.411Z" },
    { url = "https://files.pythonhosted.org/packages/28/70/8df110fb0da3ac99f3f36f20dbd8ce400e9b2fd2a48711c4a4c04cc58f06/uv_build-0.11.32-py3-none-manylinux_2_17_ppc64le.manylinux2014_ppc64le.whl", hash = "sha256:93e5d60b883c7bd0c78a7ba04e8927b09d1b655d3316b9624e4ca238237c5669", size = 1707248, upload-time = "2026-07-23T23:05:10.703Z" },
    { url = "https://files.pythonhosted.org/packages/02/0f/7e07c0791bef67bceb9df947ce9898dd89e4f82b10874e4d1fa82f37fe03/uv_build-0.11.32-py3-none-manylinux_2_17_s390x.manylinux2014_s390x.whl", hash = "sha256:ff477fb8c500f218091aadf55deb30759710f0c45a2a22828c73dad9a48ae2ee", size = 1610441, upload-time = "2026-07-23T23:05:11.843Z" },
    { url = "https://files.pythonhosted.org/packages/83/47/5966e2dbf983a5fc9d238bc84a854c4a2c5ea2a02fbd5e645b14fb977deb/uv_build-0.11.32-py3-none-manylinux_2_17_x86_64.manylinux2014_x86_64.whl", hash = "sha256:a9c64f4139a05fa45a38f2a646e130b9b79fdd1110de5c54218b378100ae4d9d", size = 1626458, upload-time = "2026-07-23T23:05:12.949Z" },
    { url = "https://files.pythonhosted.org/packages/bf/99/1342eccbcbbbceebc31aa9ab565c35adb92bbc152312bc1e42a718f34204/uv_build-0.11.32-py3-none-manylinux_2_28_aarch64.whl", hash = "sha256:d6c6cd166cb20ce8d1f758e8329bbcf16dd7dafc5d81ab94003b630e7140f762", size = 1611685, upload-time = "2026-07-23T23:05:14.185Z" },
    { url = "https://files.pythonhosted.org/packages/85/6d/20d3e117c06e0c350973c4f97f71ecee2b37cf3aa2ad7456e3901ac4ff37/uv_build-0.11.32-py3-none-manylinux_2_31_riscv64.whl", hash = "sha256:0505c3bc1831e2c583ce80dbe16baab33aa7ca7a3f672b12ac81d6dbd494f8d7", size = 1583238, upload-time = "2026-07-23T23:05:15.364Z" },
    { url = "https://files.pythonhosted.org/packages/8d/79/dafe1cbbfeee4598ff7036ef6f2e00b4b77cc692d964f9e06097105729a6/uv_build-0.11.32-py3-none-musllinux_1_1_armv7l.whl", hash = "sha256:4d0938a373248e62cd25cd2759a6f1e897a51d26cc192d08fbaede8d08fb92db", size = 1517307, upload-time = "2026-07-23T23:05:16.671Z" },
    { url = "https://files.pythonhosted.org/packages/5f/1f/67a6f3b05a22ac5c8b80393ed03b9806567d2211befdbb76306dc07501c6/uv_build-0.11.32-py3-none-musllinux_1_1_i686.whl", hash = "sha256:f21be856501b1e63c2041d70578a38674b9ebe954f5a7c6f6cf046f544293d7c", size = 1614945, upload-time = "2026-07-23T23:05:17.796Z" },
    { url = "https://files.pythonhosted.org/packages/e5/5b/e7ddd1ab46d75362026569ce4cdcb0e2327c774f3ba81c9330cf8139c62b/uv_build-0.11.32-py3-none-musllinux_1_1_riscv64.whl", hash = "sha256:0b052ecbae25cb3bc1b3d940c9b698bf6209a6bf7a33376280f716a1d8b61a54", size = 1603809, upload-time = "2026-07-23T23:05:19.14Z" },
    { url = "https://files.pythonhosted.org/packages/23/ac/4b048f8e3d55b354850389c5be47b3a0dca2eaac02caa977c7f269e292b6/uv_build-0.11.32-py3-none-musllinux_1_1_x86_64.whl", hash = "sha256:2bb9a85cd4c17420ae6ac9552ebd319e749b44432e29f26797b7bfa421d40d3f", size = 1685413, upload-time = "2026-07-23T23:05:20.371Z" },
    { url = "https://files.pythonhosted.org/packages/08/89/f119c7b7b9fe45831d8f7460cf3eadb1f38297b32ab99b75f1574c109ff6/uv_build-0.11.32-py3-none-win32.whl", hash = "sha256:6238d1579eda2429e8424486b8b45ba89a46d7d7719dbb07737aa762bc5db9ec", size = 1456779, upload-time = "2026-07-23T23:05:21.96Z" },
    { url = "https://files.pythonhosted.org/packages/67/e9/7538523af51e692d0d9d65a112fd2cdfdd6cb8c3a9fb88178d22ca50601a/uv_build-0.11.32-py3-none-win_amd64.whl", hash = "sha256:5a6b897f41ca88f9f7b3ccd2db4a16a55aa7e7a65e0c44710987631e5a0b5dad", size = 1533447, upload-time = "2026-07-23T23:05:23.577Z" },
    { url = "https://files.pythonhosted.org/packages/82/59/84e274802dc57cffecfbe03f44cd4dc49ad497b653c62bda56cbf1f43294/uv_build-0.11.32-py3-none-win_arm64.whl", hash = "sha256:e64a8f50d0ac1e9ce8110a0a90f2b618a660b7ab0e9b401d2d2ef435692730e5", size = 1448043, upload-time = "2026-07-23T23:05:24.751Z" },
]

[[package]]
name = "vapoursynth"
version = "78"
source = { registry = "https://pypi.org/simple" }
sdist = { url = "https://files.pythonhosted.org/packages/f3/50/2cd10e6f06689050374d95a37ffe3cfdcebcbb0c5900bdfc9a6f1e5d5f75/vapoursynth-78.tar.gz", hash = "sha256:dd70e0a81ee91ba52385c067d434f43cfdfc838bb9e6988cf34d832b35698996", size = 636847, upload-time = "2026-07-24T20:24:33.306Z" }
wheels = [
    { url = "https://files.pythonhosted.org/packages/82/c5/e3649e9d83584bcc27edc6a334b13d5d666e3adf3d61559e28c6e314758e/vapoursynth-78-cp312-abi3-macosx_13_0_arm64.whl", hash = "sha256:20fb6fc8ed5ee91b263b010fe859d2cac852d1f7350a1ab534a5a3e59878b88e", size = 1344725, upload-time = "2026-07-24T20:24:21.688Z" },
    { url = "https://files.pythonhosted.org/packages/3f/0a/7f7ac4abde6ee95a06eb114e78e51660188fe01dae84b913c35651771786/vapoursynth-78-cp312-abi3-macosx_13_0_x86_64.whl", hash = "sha256:799c50260d866bb98b5bc455f8c36ed53a4e3057753ad2fbc6ab84d3b0d15e59", size = 4448409, upload-time = "2026-07-24T20:24:23.397Z" },
    { url = "https://files.pythonhosted.org/packages/6c/04/9ad17a3d78972235c125fd1577699379b6c235c069a207cce5fb5411bf8e/vapoursynth-78-cp312-abi3-manylinux_2_27_aarch64.manylinux_2_28_aarch64.whl", hash = "sha256:5368661393622fe9fa267409a5fbf7143d561b55dafdf6a500ef0fe38b285386", size = 1780128, upload-time = "2026-07-24T20:24:25.318Z" },
    { url = "https://files.pythonhosted.org/packages/32/f8/55566fa874510d4daf37829b647b79a259f8cd72df568798154f17a7cb8c/vapoursynth-78-cp312-abi3-manylinux_2_27_x86_64.manylinux_2_28_x86_64.whl", hash = "sha256:8e70b98c40ac69477a15f8ae0c551c2a4e182281986b5996853c7a01477ed477", size = 4498809, upload-time = "2026-07-24T20:24:26.766Z" },
    { url = "https://files.pythonhosted.org/packages/f1/71/4906acd1985203a575825afe9547ed5904796cd7f6331cc796b3ff33c9d6/vapoursynth-78-cp312-abi3-musllinux_1_2_aarch64.whl", hash = "sha256:c56eb859fc7352df935f46e4014402bf5e59e10d8f695b8d35e8025d07306b84", size = 2560895, upload-time = "2026-07-24T20:24:28.125Z" },
    { url = "https://files.pythonhosted.org/packages/19/1c/c5c80aecde43fbdbc8136c7786b16b8c8853ac0f261e5c2da46b46bfafad/vapoursynth-78-cp312-abi3-musllinux_1_2_x86_64.whl", hash = "sha256:33592243d7d1b1706497a3d7b564dd0ad041a9943dc029dcd638fc0b55565acc", size = 5325194, upload-time = "2026-07-24T20:24:29.722Z" },
    { url = "https://files.pythonhosted.org/packages/a0/c2/bd739e3fd4dfea3f776cae03cde20d9589f4371989cc74e8b511b3b2ec2a/vapoursynth-78-cp312-abi3-win_amd64.whl", hash = "sha256:56454b3ac82768b037c6962982690375f2a50f6d47fa4b23f728bfd2dcf2efa2", size = 15061045, upload-time = "2026-07-24T20:24:31.17Z" },
]

[[package]]
name = "vsrepo"
version = "2.0.0"
source = { registry = "https://pypi.org/simple" }
dependencies = [
    { name = "tqdm" },
    { name = "vapoursynth" },
    { name = "vsstubs" },
]
sdist = { url = "https://files.pythonhosted.org/packages/b9/ff/13cffaef693d4997858d52df2e6636bc275f0c68d364866a3bda3e211aa9/vsrepo-2.0.0.tar.gz", hash = "sha256:887196fb996e6df848c513b186817c466442b4091b876b5658bbd64bccc60499", size = 278957, upload-time = "2026-04-06T14:34:15.867Z" }
wheels = [
    { url = "https://files.pythonhosted.org/packages/fe/41/a1e49f302f9c84931c074b5b3d15aff3e73abbb885320b7b96b72920bb40/vsrepo-2.0.0-py3-none-any.whl", hash = "sha256:55c4abb83668359ac4e1e4b8d97fbbe301864bf08e2f5d5e03ff9049d89a8bfc", size = 11458, upload-time = "2026-04-06T14:34:13.871Z" },
]

[[package]]
name = "vsstubs"
version = "2.2.0"
source = { registry = "https://pypi.org/simple" }
dependencies = [
    { name = "build" },
    { name = "packaging" },
    { name = "rich" },
    { name = "typer" },
    { name = "typing-extensions" },
    { name = "uv-build" },
    { name = "vapoursynth" },
]
sdist = { url = "https://files.pythonhosted.org/packages/c0/8b/2e789a1517ed4d831bb60a3fccfec5ddddf00b873b82699c5b6507b68ada/vsstubs-2.2.0.tar.gz", hash = "sha256:d8f328df020b9df5bde4728c82229f9b25961c95d0ced92e9d34642729d794ef", size = 35903, upload-time = "2026-07-06T23:34:16.274Z" }
wheels = [
    { url = "https://files.pythonhosted.org/packages/a4/ff/24c61c4a4d664e4fa02b3aa8d9047eae6a06e5d7cd012a5ff905c2096a8b/vsstubs-2.2.0-py3-none-any.whl", hash = "sha256:8a31a1a54f253e18eb8e86a5ace39118e5ceb981737b2ce005a608501403087f", size = 30549, upload-time = "2026-07-06T23:34:14.81Z" },
]
